
Microsoft Visual Studio Solution File, Format Version 12.00
# Visual Studio Version 17
VisualStudioVersion = 17.1.32319.34
MinimumVisualStudioVersion = 10.0.40219.1
Project("{FAE04EC0-301F-11D3-BF4B-00C04F79EFBC}") = "ActorsRazorPages", "ActorsRazorPages\ActorsRazorPages.csproj", "{93F52173-6CEB-4DF8-B35F-5D8D5613CB88}"
EndProject
Global
	GlobalSection(SolutionConfigurationPlatforms) = preSolution
		Debug|Any CPU = Debug|Any CPU
		Release|Any CPU = Release|Any CPU
	EndGlobalSection
	GlobalSection(ProjectConfigurationPlatforms) = postSolution
		{93F52173-6CEB-4DF8-B35F-5D8D5613CB88}.Debug|Any CPU.ActiveCfg = Debug|Any CPU
		{93F52173-6CEB-4DF8-B35F-5D8D5613CB88}.Debug|Any CPU.Build.0 = Debug|Any CPU
		{93F52173-6CEB-4DF8-B35F-5D8D5613CB88}.Release|Any CPU.ActiveCfg = Release|Any CPU
		{93F52173-6CEB-4DF8-B35F-5D8D5613CB88}.Release|Any CPU.Build.0 = Release|Any CPU
	EndGlobalSection
	GlobalSection(SolutionProperties) = preSolution
		HideSolutionNode = FALSE
	EndGlobalSection
	GlobalSection(ExtensibilityGlobals) = postSolution
		SolutionGuid = {6C9FD85B-FEDA-4104-BD13-9234DBFBF7F3}
	EndGlobalSection
EndGlobal
